{
  "name": "typescript-basics",
  "version": "1.0.0",
  "lockfileVersion": 3,
  "requires": true,
  "packages": {
    "": {
      "name": "typescript-basics",
      "version": "1.0.0",
      "license": "ISC",
      "dependencies": {
        "loadsh": "^0.0.4"
      },
      "devDependencies": {
        "@types/lodash": "^4.17.4"
      }
    },
    "node_modules/@types/lodash": {
      "version": "4.17.4",
      "resolved": "https://registry.npmjs.org/@types/lodash/-/lodash-4.17.4.tgz",
      "integrity": "sha512-wYCP26ZLxaT3R39kiN2+HcJ4kTd3U1waI/cY7ivWYqFP6pW3ZNpvi6Wd6PHZx7T/t8z0vlkXMg3QYLa7DZ/IJQ==",
      "dev": true
    },
    "node_modules/loadsh": {
      "version": "0.0.4",
      "resolved": "https://registry.npmjs.org/loadsh/-/loadsh-0.0.4.tgz",
      "integrity": "sha512-U+wLL8InpfRalWrr+0SuhWgGt10M4OyAk6G8xCYo2rwpiHtxZkWiFpjei0vO463ghW8LPCdhqQxXlMy2qicAEw==",
      "deprecated": "This is a typosquat on the popular Lodash package. This is not maintained nor is the original Lodash package."
    }
  }
}
